
Microsoft Visual Studio Solution File, Format Version 12.00
# Visual Studio Version 16
VisualStudioVersion = 16.0.30114.105
MinimumVisualStudioVersion = 10.0.40219.1
Project("{2150E333-8FDC-42A3-9474-1A3956D46DE8}") = "src", "src", "{761515E0-1CDD-4F40-8307-68A799D3703D}"
EndProject
Project("{FAE04EC0-301F-11D3-BF4B-00C04F79EFBC}") = "CommandAPI", "src\CommandAPI\CommandAPI.csproj", "{D2CD7660-2D17-44DC-9F7C-EC79A835478E}"
EndProject
Project("{2150E333-8FDC-42A3-9474-1A3956D46DE8}") = "test", "test", "{9D57A5B3-3AA9-45F0-A595-CC438233BE5D}"
EndProject
Project("{FAE04EC0-301F-11D3-BF4B-00C04F79EFBC}") = "CommandAPI.Tests", "test\CommandAPI.Tests\CommandAPI.Tests.csproj", "{F601813C-C62E-45B1-B3F4-74E99E45FA28}"
EndProject
Global
	GlobalSection(SolutionConfigurationPlatforms) = preSolution
		Debug|Any CPU = Debug|Any CPU
		Release|Any CPU = Release|Any CPU
	EndGlobalSection
	GlobalSection(SolutionProperties) = preSolution
		HideSolutionNode = FALSE
	EndGlobalSection
	GlobalSection(ProjectConfigurationPlatforms) = postSolution
		{D2CD7660-2D17-44DC-9F7C-EC79A835478E}.Debug|Any CPU.ActiveCfg = Debug|Any CPU
		{D2CD7660-2D17-44DC-9F7C-EC79A835478E}.Debug|Any CPU.Build.0 = Debug|Any CPU
		{D2CD7660-2D17-44DC-9F7C-EC79A835478E}.Release|Any CPU.ActiveCfg = Release|Any CPU
		{D2CD7660-2D17-44DC-9F7C-EC79A835478E}.Release|Any CPU.Build.0 = Release|Any CPU
		{F601813C-C62E-45B1-B3F4-74E99E45FA28}.Debug|Any CPU.ActiveCfg = Debug|Any CPU
		{F601813C-C62E-45B1-B3F4-74E99E45FA28}.Debug|Any CPU.Build.0 = Debug|Any CPU
		{F601813C-C62E-45B1-B3F4-74E99E45FA28}.Release|Any CPU.ActiveCfg = Release|Any CPU
		{F601813C-C62E-45B1-B3F4-74E99E45FA28}.Release|Any CPU.Build.0 = Release|Any CPU
	EndGlobalSection
	GlobalSection(NestedProjects) = preSolution
		{D2CD7660-2D17-44DC-9F7C-EC79A835478E} = {761515E0-1CDD-4F40-8307-68A799D3703D}
		{F601813C-C62E-45B1-B3F4-74E99E45FA28} = {9D57A5B3-3AA9-45F0-A595-CC438233BE5D}
	EndGlobalSection
EndGlobal
